# This file is autogenerated, do not edit; changes may be undone by the next 'dep ensure'.


[[projects]]
  branch = "master"
  name = "github.com/BurntSushi/toml"
  packages = ["."]
  revision = "a368813c5e648fee92e5f6c30e3944ff9d5e8895"

[[projects]]
  branch = "master"
  name = "github.com/Songmu/prompter"
  packages = ["."]
  revision = "f49666b0047d12850875d771340e1d862d9e7a0c"

[[projects]]
  branch = "master"
  name = "github.com/Songmu/retry"
  packages = ["."]
  revision = "3d913ef13826a2183b18cbfb88925a7735bf3635"

[[projects]]
  name = "github.com/Songmu/timeout"
  packages = ["."]
  revision = "47fa848e597794370c3b10ce27396b98c3aa807d"
  version = "v0.3.0"

[[projects]]
  branch = "master"
  name = "github.com/Songmu/wrapcommander"
  packages = ["."]
  revision = "c228fd70413bba4c4b70d0bd78d4665dc6ec252b"

[[projects]]
  branch = "master"
  name = "github.com/StackExchange/wmi"
  packages = ["."]
  revision = "5d049714c4a64225c3c79a7cf7d02f7fb5b96338"

[[projects]]
  name = "github.com/go-ole/go-ole"
  packages = [
    ".",
    "oleutil"
  ]
  revision = "a41e3c4b706f6ae8dfbff342b06e40fa4d2d0506"
  version = "v1.2.1"

[[projects]]
  branch = "master"
  name = "github.com/mackerelio/go-osstat"
  packages = [
    "cpu",
    "loadavg",
    "memory",
    "network"
  ]
  revision = "fbfca597bca6195d2d76c9dcfbab4f24056bba56"

[[projects]]
  branch = "master"
  name = "github.com/mackerelio/golib"
  packages = [
    "logging",
    "pluginutil"
  ]
  revision = "295ea2626d02a5d78c2ad6c4148a77ab68540b79"

[[projects]]
  name = "github.com/mattn/go-encoding"
  packages = ["."]
  revision = "a934bb263954cae0fe21b222a60076d4e344c149"
  version = "v0.0.2"

[[projects]]
  name = "github.com/mattn/go-isatty"
  packages = ["."]
  revision = "0360b2af4f38e8d38c7fce2a9f4e702702d73a39"
  version = "v0.0.3"

[[projects]]
  branch = "master"
  name = "github.com/motemen/go-cli"
  packages = ["."]
  revision = "9961a876eb5f0b4c48c21eb75ec963a2bb8e1a4d"

[[projects]]
  branch = "master"
  name = "github.com/pkg/errors"
  packages = ["."]
  revision = "30136e27e2ac8d167177e8a583aa4c3fea5be833"

[[projects]]
  branch = "master"
  name = "github.com/shirou/gopsutil"
  packages = [
    "host",
    "internal/common",
    "process"
  ]
  revision = "32a44bdc39e48b27eb0430edcd9c77920d161864"

[[projects]]
  branch = "master"
  name = "golang.org/x/crypto"
  packages = ["ssh/terminal"]
  revision = "650f4a345ab4e5b245a3034b110ebc7299e68186"

[[projects]]
  branch = "master"
  name = "golang.org/x/sys"
  packages = [
    "unix",
    "windows",
    "windows/registry",
    "windows/svc",
    "windows/svc/eventlog",
    "windows/svc/mgr"
  ]
  revision = "37707fdb30a5b38865cfb95e5aab41707daec7fd"

[[projects]]
  branch = "master"
  name = "golang.org/x/text"
  packages = [
    "encoding",
    "encoding/charmap",
    "encoding/internal",
    "encoding/internal/identifier",
    "encoding/japanese",
    "encoding/korean",
    "encoding/simplifiedchinese",
    "encoding/traditionalchinese",
    "encoding/unicode",
    "internal/gen",
    "internal/utf8internal",
    "runes",
    "transform",
    "unicode/cldr"
  ]
  revision = "4e4a3210bb54bb31f6ab2cdca2edcc0b50c420c1"

[solve-meta]
  analyzer-name = "dep"
  analyzer-version = 1
  inputs-digest = "9904616bd63f34954b41b71332a881da59d76340ceacdbaf38c9730850dc52f2"
  solver-name = "gps-cdcl"
  solver-version = 1
